Microsoft Visual Studio Solution File, Format Version 12.00
# Visual Studio Version 17
VisualStudioVersion = 17.13.36105.23
MinimumVisualStudioVersion = 10.0.40219.1
Project("{FAE04EC0-301F-11D3-BF4B-00C04F79EFBC}") = "umuthi.AppHost", "umuthi.AppHost\umuthi.AppHost.csproj", "{715E211D-B4D8-40BA-B39B-C7B1172C1597}"
EndProject
Project("{FAE04EC0-301F-11D3-BF4B-00C04F79EFBC}") = "umuthi.ServiceDefaults", "umuthi.ServiceDefaults\umuthi.ServiceDefaults.csproj", "{A8353DBE-6FE1-8A7D-DE22-DE8039689759}"
EndProject
Project("{FAE04EC0-301F-11D3-BF4B-00C04F79EFBC}") = "umuthi.ApiService", "umuthi.ApiService\umuthi.ApiService.csproj", "{E53CD858-751A-2B34-C86A-CC7B6E02D382}"
EndProject
Project("{FAE04EC0-301F-11D3-BF4B-00C04F79EFBC}") = "umuthi.Web", "umuthi.Web\umuthi.Web.csproj", "{F404244D-149F-127D-C4F1-967BC6D977C5}"
EndProject
Project("{FAE04EC0-301F-11D3-BF4B-00C04F79EFBC}") = "umuthi.Tests", "umuthi.Tests\umuthi.Tests.csproj", "{83F51199-20D3-2D28-5B61-B262A31290FA}"
EndProject
Project("{FAE04EC0-301F-11D3-BF4B-00C04F79EFBC}") = "umuthi_Functions", "umuthi.Functions\umuthi_Functions.csproj", "{B376DFD2-5F42-72D6-DC06-5806AEF013B1}"
EndProject
Global
	GlobalSection(SolutionConfigurationPlatforms) = preSolution
		Debug|Any CPU = Debug|Any CPU
		Release|Any CPU = Release|Any CPU
	EndGlobalSection
	GlobalSection(ProjectConfigurationPlatforms) = postSolution
		{715E211D-B4D8-40BA-B39B-C7B1172C1597}.Debug|Any CPU.ActiveCfg = Debug|Any CPU
		{715E211D-B4D8-40BA-B39B-C7B1172C1597}.Debug|Any CPU.Build.0 = Debug|Any CPU
		{715E211D-B4D8-40BA-B39B-C7B1172C1597}.Release|Any CPU.ActiveCfg = Release|Any CPU
		{715E211D-B4D8-40BA-B39B-C7B1172C1597}.Release|Any CPU.Build.0 = Release|Any CPU
		{A8353DBE-6FE1-8A7D-DE22-DE8039689759}.Debug|Any CPU.ActiveCfg = Debug|Any CPU
		{A8353DBE-6FE1-8A7D-DE22-DE8039689759}.Debug|Any CPU.Build.0 = Debug|Any CPU
		{A8353DBE-6FE1-8A7D-DE22-DE8039689759}.Release|Any CPU.ActiveCfg = Release|Any CPU
		{A8353DBE-6FE1-8A7D-DE22-DE8039689759}.Release|Any CPU.Build.0 = Release|Any CPU
		{E53CD858-751A-2B34-C86A-CC7B6E02D382}.Debug|Any CPU.ActiveCfg = Debug|Any CPU
		{E53CD858-751A-2B34-C86A-CC7B6E02D382}.Debug|Any CPU.Build.0 = Debug|Any CPU
		{E53CD858-751A-2B34-C86A-CC7B6E02D382}.Release|Any CPU.ActiveCfg = Release|Any CPU
		{E53CD858-751A-2B34-C86A-CC7B6E02D382}.Release|Any CPU.Build.0 = Release|Any CPU
		{F404244D-149F-127D-C4F1-967BC6D977C5}.Debug|Any CPU.ActiveCfg = Debug|Any CPU
		{F404244D-149F-127D-C4F1-967BC6D977C5}.Debug|Any CPU.Build.0 = Debug|Any CPU
		{F404244D-149F-127D-C4F1-967BC6D977C5}.Release|Any CPU.ActiveCfg = Release|Any CPU
		{F404244D-149F-127D-C4F1-967BC6D977C5}.Release|Any CPU.Build.0 = Release|Any CPU
		{83F51199-20D3-2D28-5B61-B262A31290FA}.Debug|Any CPU.ActiveCfg = Debug|Any CPU
		{83F51199-20D3-2D28-5B61-B262A31290FA}.Debug|Any CPU.Build.0 = Debug|Any CPU
		{83F51199-20D3-2D28-5B61-B262A31290FA}.Release|Any CPU.ActiveCfg = Release|Any CPU
		{83F51199-20D3-2D28-5B61-B262A31290FA}.Release|Any CPU.Build.0 = Release|Any CPU
		{B376DFD2-5F42-72D6-DC06-5806AEF013B1}.Debug|Any CPU.ActiveCfg = Debug|Any CPU
		{B376DFD2-5F42-72D6-DC06-5806AEF013B1}.Debug|Any CPU.Build.0 = Debug|Any CPU
		{B376DFD2-5F42-72D6-DC06-5806AEF013B1}.Release|Any CPU.ActiveCfg = Release|Any CPU
		{B376DFD2-5F42-72D6-DC06-5806AEF013B1}.Release|Any CPU.Build.0 = Release|Any CPU
	EndGlobalSection
	GlobalSection(SolutionProperties) = preSolution
		HideSolutionNode = FALSE
	EndGlobalSection
	GlobalSection(ExtensibilityGlobals) = postSolution
		SolutionGuid = {8CD38641-7256-4F51-A71B-D7D0223BCF12}
	EndGlobalSection
EndGlobal
